
Microsoft Visual Studio Solution File, Format Version 12.00
# Visual Studio 15
VisualStudioVersion = 15.0.28307.572
MinimumVisualStudioVersion = 10.0.40219.1
Project("{FAE04EC0-301F-11D3-BF4B-00C04F79EFBC}") = "MSMS", "MSMS\MSMS.csproj", "{D69F5C2B-8A9E-4EE2-B312-29511AEE2CF7}"
EndProject
Global
	GlobalSection(SolutionConfigurationPlatforms) = preSolution
		Debug|Any CPU = Debug|Any CPU
		Release|Any CPU = Release|Any CPU
	EndGlobalSection
	GlobalSection(ProjectConfigurationPlatforms) = postSolution
		{D69F5C2B-8A9E-4EE2-B312-29511AEE2CF7}.Debug|Any CPU.ActiveCfg = Debug|Any CPU
		{D69F5C2B-8A9E-4EE2-B312-29511AEE2CF7}.Debug|Any CPU.Build.0 = Debug|Any CPU
		{D69F5C2B-8A9E-4EE2-B312-29511AEE2CF7}.Release|Any CPU.ActiveCfg = Release|Any CPU
		{D69F5C2B-8A9E-4EE2-B312-29511AEE2CF7}.Release|Any CPU.Build.0 = Release|Any CPU
	EndGlobalSection
	GlobalSection(SolutionProperties) = preSolution
		HideSolutionNode = FALSE
	EndGlobalSection
	GlobalSection(ExtensibilityGlobals) = postSolution
		SolutionGuid = {F6470C90-B8AB-423B-A649-8262CA565ADE}
	EndGlobalSection
EndGlobal
